
Microsoft Visual Studio Solution File, Format Version 12.00
# Visual Studio Version 17
VisualStudioVersion = 17.11.35312.102
MinimumVisualStudioVersion = 10.0.40219.1
Project("{FAE04EC0-301F-11D3-BF4B-00C04F79EFBC}") = "DataAccess", "DataAccess\DataAccess.csproj", "{98866403-2715-4790-8951-89733693C75D}"
EndProject
Project("{FAE04EC0-301F-11D3-BF4B-00C04F79EFBC}") = "Service", "Service\Service.csproj", "{F3CCB6E8-F837-4581-900A-394D55A6C89E}"
EndProject
Project("{FAE04EC0-301F-11D3-BF4B-00C04F79EFBC}") = "PRN221_FMart_Project", "PRN221_FMart_Project\PRN221_FMart_Project.csproj", "{F6418944-D1E9-4494-A543-05A4F5AE5744}"
EndProject
Global
	GlobalSection(SolutionConfigurationPlatforms) = preSolution
		Debug|Any CPU = Debug|Any CPU
		Release|Any CPU = Release|Any CPU
	EndGlobalSection
	GlobalSection(ProjectConfigurationPlatforms) = postSolution
		{98866403-2715-4790-8951-89733693C75D}.Debug|Any CPU.ActiveCfg = Debug|Any CPU
		{98866403-2715-4790-8951-89733693C75D}.Debug|Any CPU.Build.0 = Debug|Any CPU
		{98866403-2715-4790-8951-89733693C75D}.Release|Any CPU.ActiveCfg = Release|Any CPU
		{98866403-2715-4790-8951-89733693C75D}.Release|Any CPU.Build.0 = Release|Any CPU
		{F3CCB6E8-F837-4581-900A-394D55A6C89E}.Debug|Any CPU.ActiveCfg = Debug|Any CPU
		{F3CCB6E8-F837-4581-900A-394D55A6C89E}.Debug|Any CPU.Build.0 = Debug|Any CPU
		{F3CCB6E8-F837-4581-900A-394D55A6C89E}.Release|Any CPU.ActiveCfg = Release|Any CPU
		{F3CCB6E8-F837-4581-900A-394D55A6C89E}.Release|Any CPU.Build.0 = Release|Any CPU
		{F6418944-D1E9-4494-A543-05A4F5AE5744}.Debug|Any CPU.ActiveCfg = Debug|Any CPU
		{F6418944-D1E9-4494-A543-05A4F5AE5744}.Debug|Any CPU.Build.0 = Debug|Any CPU
		{F6418944-D1E9-4494-A543-05A4F5AE5744}.Release|Any CPU.ActiveCfg = Release|Any CPU
		{F6418944-D1E9-4494-A543-05A4F5AE5744}.Release|Any CPU.Build.0 = Release|Any CPU
	EndGlobalSection
	GlobalSection(SolutionProperties) = preSolution
		HideSolutionNode = FALSE
	EndGlobalSection
	GlobalSection(ExtensibilityGlobals) = postSolution
		SolutionGuid = {3202A71F-B0AD-4188-B85B-1E67C0CBB56D}
	EndGlobalSection
EndGlobal
